// !$*UTF8*$!
{
	archiveVersion = 1;
	classes = {
	};
	objectVersion = 50;
	objects = {

/* Begin PBXBuildFile section */
		9277427A242F81B4004F4AC7 /* WebKit.framework in Frameworks */ = {isa = PBXBuildFile; fileRef = 92774279242F81B3004F4AC7 /* WebKit.framework */; };
		F36A92FF242F307A004123C1 /* Constants.swift in Sources */ = {isa = PBXBuildFile; fileRef = F36A92FE242F307A004123C1 /* Constants.swift */; };
		F36A9301242F30A2004123C1 /* Extensions.swift in Sources */ = {isa = PBXBuildFile; fileRef = F36A9300242F30A2004123C1 /* Extensions.swift */; };
		F36A9304242F30E9004123C1 /* NewsData.swift in Sources */ = {isa = PBXBuildFile; fileRef = F36A9303242F30E9004123C1 /* NewsData.swift */; };
		F3C05B97242F2AB900F22992 /* AppDelegate.swift in Sources */ = {isa = PBXBuildFile; fileRef = F3C05B96242F2AB900F22992 /* AppDelegate.swift */; };
		F3C05B99242F2AB900F22992 /* SceneDelegate.swift in Sources */ = {isa = PBXBuildFile; fileRef = F3C05B98242F2AB900F22992 /* SceneDelegate.swift */; };
		F3C05B9B242F2AB900F22992 /* ViewController.swift in Sources */ = {isa = PBXBuildFile; fileRef = F3C05B9A242F2AB900F22992 /* ViewController.swift */; };
		F3C05B9E242F2AB900F22992 /* Main.storyboard in Resources */ = {isa = PBXBuildFile; fileRef = F3C05B9C242F2AB900F22992 /* Main.storyboard */; };
		F3C05BA0242F2ABC00F22992 /* Assets.xcassets in Resources */ = {isa = PBXBuildFile; fileRef = F3C05B9F242F2ABC00F22992 /* Assets.xcassets */; };
		F3C05BA3242F2ABC00F22992 /* LaunchScreen.storyboard in Resources */ = {isa = PBXBuildFile; fileRef = F3C05BA1242F2ABC00F22992 /* LaunchScreen.storyboard */; };
		F3E0380D242F35440059C897 /* SourcesViewController.swift in Sources */ = {isa = PBXBuildFile; fileRef = F3E0380C242F35440059C897 /* SourcesViewController.swift */; };
		F3E0380F242F361D0059C897 /* SourcesTableViewCell.swift in Sources */ = {isa = PBXBuildFile; fileRef = F3E0380E242F361D0059C897 /* SourcesTableViewCell.swift */; };
		F3E03811242F36E60059C897 /* NewsDataManager.swift in Sources */ = {isa = PBXBuildFile; fileRef = F3E03810242F36E60059C897 /* NewsDataManager.swift */; };
		F3E03813242F41640059C897 /* ArticlesViewController.swift in Sources */ = {isa = PBXBuildFile; fileRef = F3E03812242F41640059C897 /* ArticlesViewController.swift */; };
		F3E03815242F42230059C897 /* ArticlesTableViewCell.swift in Sources */ = {isa = PBXBuildFile; fileRef = F3E03814242F42230059C897 /* ArticlesTableViewCell.swift */; };
		F3E03817242F4F610059C897 /* LocadingIndicator.swift in Sources */ = {isa = PBXBuildFile; fileRef = F3E03816242F4F610059C897 /* LocadingIndicator.swift */; };
		F3E03819242F57C00059C897 /* WebViewController.swift in Sources */ = {isa = PBXBuildFile; fileRef = F3E03818242F57C00059C897 /* WebViewController.swift */; };
/* End PBXBuildFile section */

/* Begin PBXFileReference section */
		92774279242F81B3004F4AC7 /* WebKit.framework */ = {isa = PBXFileReference; lastKnownFileType = wrapper.framework; name = WebKit.framework; path = System/Library/Frameworks/WebKit.framework; sourceTree = SDKROOT; };
		F36A92FE242F307A004123C1 /* Constants.swift */ = {isa = PBXFileReference; lastKnownFileType = sourcecode.swift; path = Constants.swift; sourceTree = "<group>"; };
		F36A9300242F30A2004123C1 /* Extensions.swift */ = {isa = PBXFileReference; lastKnownFileType = sourcecode.swift; path = Extensions.swift; sourceTree = "<group>"; };
		F36A9303242F30E9004123C1 /* NewsData.swift */ = {isa = PBXFileReference; lastKnownFileType = sourcecode.swift; path = NewsData.swift; sourceTree = "<group>"; };
		F3C05B93242F2AB900F22992 /* SimpleNews.app */ = {isa = PBXFileReference; explicitFileType = wrapper.application; includeInIndex = 0; path = SimpleNews.app; sourceTree = BUILT_PRODUCTS_DIR; };
		F3C05B96242F2AB900F22992 /* AppDelegate.swift */ = {isa = PBXFileReference; lastKnownFileType = sourcecode.swift; path = AppDelegate.swift; sourceTree = "<group>"; };
		F3C05B98242F2AB900F22992 /* SceneDelegate.swift */ = {isa = PBXFileReference; lastKnownFileType = sourcecode.swift; path = SceneDelegate.swift; sourceTree = "<group>"; };
		F3C05B9A242F2AB900F22992 /* ViewController.swift */ = {isa = PBXFileReference; lastKnownFileType = sourcecode.swift; path = ViewController.swift; sourceTree = "<group>"; };
		F3C05B9D242F2AB900F22992 /* Base */ = {isa = PBXFileReference; lastKnownFileType = file.storyboard; name = Base; path = Base.lproj/Main.storyboard; sourceTree = "<group>"; };
		F3C05B9F242F2ABC00F22992 /* Assets.xcassets */ = {isa = PBXFileReference; lastKnownFileType = folder.assetcatalog; path = Assets.xcassets; sourceTree = "<group>"; };
		F3C05BA2242F2ABC00F22992 /* Base */ = {isa = PBXFileReference; lastKnownFileType = file.storyboard; name = Base; path = Base.lproj/LaunchScreen.storyboard; sourceTree = "<group>"; };
		F3C05BA4242F2ABC00F22992 /* Info.plist */ = {isa = PBXFileReference; lastKnownFileType = text.plist.xml; path = Info.plist; sourceTree = "<group>"; };
		F3E0380C242F35440059C897 /* SourcesViewController.swift */ = {isa = PBXFileReference; lastKnownFileType = sourcecode.swift; path = SourcesViewController.swift; sourceTree = "<group>"; };
		F3E0380E242F361D0059C897 /* SourcesTableViewCell.swift */ = {isa = PBXFileReference; lastKnownFileType = sourcecode.swift; path = SourcesTableViewCell.swift; sourceTree = "<group>"; };
		F3E03810242F36E60059C897 /* NewsDataManager.swift */ = {isa = PBXFileReference; lastKnownFileType = sourcecode.swift; path = NewsDataManager.swift; sourceTree = "<group>"; };
		F3E03812242F41640059C897 /* ArticlesViewController.swift */ = {isa = PBXFileReference; lastKnownFileType = sourcecode.swift; path = ArticlesViewController.swift; sourceTree = "<group>"; };
		F3E03814242F42230059C897 /* ArticlesTableViewCell.swift */ = {isa = PBXFileReference; lastKnownFileType = sourcecode.swift; path = ArticlesTableViewCell.swift; sourceTree = "<group>"; };
		F3E03816242F4F610059C897 /* LocadingIndicator.swift */ = {isa = PBXFileReference; lastKnownFileType = sourcecode.swift; path = LocadingIndicator.swift; sourceTree = "<group>"; };
		F3E03818242F57C00059C897 /* WebViewController.swift */ = {isa = PBXFileReference; lastKnownFileType = sourcecode.swift; path = WebViewController.swift; sourceTree = "<group>"; };
/* End PBXFileReference section */

/* Begin PBXFrameworksBuildPhase section */
		F3C05B90242F2AB900F22992 /* Frameworks */ = {
			isa = PBXFrameworksBuildPhase;
			buildActionMask = 2147483647;
			files = (
				9277427A242F81B4004F4AC7 /* WebKit.framework in Frameworks */,
			);
			runOnlyForDeploymentPostprocessing = 0;
		};
/* End PBXFrameworksBuildPhase section */

/* Begin PBXGroup section */
		92774278242F81B3004F4AC7 /* Frameworks */ = {
			isa = PBXGroup;
			children = (
				92774279242F81B3004F4AC7 /* WebKit.framework */,
			);
			name = Frameworks;
			sourceTree = "<group>";
		};
		F36A9302242F30C6004123C1 /* Helper */ = {
			isa = PBXGroup;
			children = (
				F36A92FE242F307A004123C1 /* Constants.swift */,
				F36A9300242F30A2004123C1 /* Extensions.swift */,
				F3E03816242F4F610059C897 /* LocadingIndicator.swift */,
			);
			path = Helper;
			sourceTree = "<group>";
		};
		F3C05B8A242F2AB900F22992 = {
			isa = PBXGroup;
			children = (
				F3C05B95242F2AB900F22992 /* SimpleNews */,
				F3C05B94242F2AB900F22992 /* Products */,
				92774278242F81B3004F4AC7 /* Frameworks */,
			);
			sourceTree = "<group>";
		};
		F3C05B94242F2AB900F22992 /* Products */ = {
			isa = PBXGroup;
			children = (
				F3C05B93242F2AB900F22992 /* SimpleNews.app */,
			);
			name = Products;
			sourceTree = "<group>";
		};
		F3C05B95242F2AB900F22992 /* SimpleNews */ = {
			isa = PBXGroup;
			children = (
				F36A9302242F30C6004123C1 /* Helper */,
				F3C05BAC242F2AFE00F22992 /* Model */,
				F3C05BAB242F2AF600F22992 /* View */,
				F3C05BAA242F2ADF00F22992 /* Controller */,
				F3C05B96242F2AB900F22992 /* AppDelegate.swift */,
				F3C05B98242F2AB900F22992 /* SceneDelegate.swift */,
				F3C05B9F242F2ABC00F22992 /* Assets.xcassets */,
				F3C05BA4242F2ABC00F22992 /* Info.plist */,
			);
			path = SimpleNews;
			sourceTree = "<group>";
		};
		F3C05BAA242F2ADF00F22992 /* Controller */ = {
			isa = PBXGroup;
			children = (
				F3C05B9A242F2AB900F22992 /* ViewController.swift */,
				F3E0380C242F35440059C897 /* SourcesViewController.swift */,
				F3E03812242F41640059C897 /* ArticlesViewController.swift */,
				F3E03818242F57C00059C897 /* WebViewController.swift */,
			);
			path = Controller;
			sourceTree = "<group>";
		};
		F3C05BAB242F2AF600F22992 /* View */ = {
			isa = PBXGroup;
			children = (
				F3C05B9C242F2AB900F22992 /* Main.storyboard */,
				F3C05BA1242F2ABC00F22992 /* LaunchScreen.storyboard */,
				F3E03814242F42230059C897 /* ArticlesTableViewCell.swift */,
				F3E0380E242F361D0059C897 /* SourcesTableViewCell.swift */,
			);
			path = View;
			sourceTree = "<group>";
		};
		F3C05BAC242F2AFE00F22992 /* Model */ = {
			isa = PBXGroup;
			children = (
				F36A9303242F30E9004123C1 /* NewsData.swift */,
				F3E03810242F36E60059C897 /* NewsDataManager.swift */,
			);
			path = Model;
			sourceTree = "<group>";
		};
/* End PBXGroup section */

/* Begin PBXNativeTarget section */
		F3C05B92242F2AB900F22992 /* SimpleNews */ = {
			isa = PBXNativeTarget;
			buildConfigurationList = F3C05BA7242F2ABC00F22992 /* Build configuration list for PBXNativeTarget "SimpleNews" */;
			buildPhases = (
				F3C05B8F242F2AB900F22992 /* Sources */,
				F3C05B90242F2AB900F22992 /* Frameworks */,
				F3C05B91242F2AB900F22992 /* Resources */,
			);
			buildRules = (
			);
			dependencies = (
			);
			name = SimpleNews;
			productName = SimpleNews;
			productReference = F3C05B93242F2AB900F22992 /* SimpleNews.app */;
			productType = "com.apple.product-type.application";
		};
/* End PBXNativeTarget section */

/* Begin PBXProject section */
		F3C05B8B242F2AB900F22992 /* Project object */ = {
			isa = PBXProject;
			attributes = {
				LastSwiftUpdateCheck = 1130;
				LastUpgradeCheck = 1130;
				ORGANIZATIONNAME = "okky pribadi";
				TargetAttributes = {
					F3C05B92242F2AB900F22992 = {
						CreatedOnToolsVersion = 11.3.1;
					};
				};
			};
			buildConfigurationList = F3C05B8E242F2AB900F22992 /* Build configuration list for PBXProject "SimpleNews" */;
			compatibilityVersion = "Xcode 9.3";
			developmentRegion = en;
			hasScannedForEncodings = 0;
			knownRegions = (
				en,
				Base,
			);
			mainGroup = F3C05B8A242F2AB900F22992;
			productRefGroup = F3C05B94242F2AB900F22992 /* Products */;
			projectDirPath = "";
			projectRoot = "";
			targets = (
				F3C05B92242F2AB900F22992 /* SimpleNews */,
			);
		};
/* End PBXProject section */

/* Begin PBXResourcesBuildPhase section */
		F3C05B91242F2AB900F22992 /* Resources */ = {
			isa = PBXResourcesBuildPhase;
			buildActionMask = 2147483647;
			files = (
				F3C05BA3242F2ABC00F22992 /* LaunchScreen.storyboard in Resources */,
				F3C05BA0242F2ABC00F22992 /* Assets.xcassets in Resources */,
				F3C05B9E242F2AB900F22992 /* Main.storyboard in Resources */,
			);
			runOnlyForDeploymentPostprocessing = 0;
		};
/* End PBXResourcesBuildPhase section */

/* Begin PBXSourcesBuildPhase section */
		F3C05B8F242F2AB900F22992 /* Sources */ = {
			isa = PBXSourcesBuildPhase;
			buildActionMask = 2147483647;
			files = (
				F3E03817242F4F610059C897 /* LocadingIndicator.swift in Sources */,
				F36A9301242F30A2004123C1 /* Extensions.swift in Sources */,
				F3E03811242F36E60059C897 /* NewsDataManager.swift in Sources */,
				F3C05B9B242F2AB900F22992 /* ViewController.swift in Sources */,
				F36A9304242F30E9004123C1 /* NewsData.swift in Sources */,
				F3C05B97242F2AB900F22992 /* AppDelegate.swift in Sources */,
				F3E0380F242F361D0059C897 /* SourcesTableViewCell.swift in Sources */,
				F3C05B99242F2AB900F22992 /* SceneDelegate.swift in Sources */,
				F36A92FF242F307A004123C1 /* Constants.swift in Sources */,
				F3E0380D242F35440059C897 /* SourcesViewController.swift in Sources */,
				F3E03813242F41640059C897 /* ArticlesViewController.swift in Sources */,
				F3E03819242F57C00059C897 /* WebViewController.swift in Sources */,
				F3E03815242F42230059C897 /* ArticlesTableViewCell.swift in Sources */,
			);
			runOnlyForDeploymentPostprocessing = 0;
		};
/* End PBXSourcesBuildPhase section */

/* Begin PBXVariantGroup section */
		F3C05B9C242F2AB900F22992 /* Main.storyboard */ = {
			isa = PBXVariantGroup;
			children = (
				F3C05B9D242F2AB900F22992 /* Base */,
			);
			name = Main.storyboard;
			sourceTree = "<group>";
		};
		F3C05BA1242F2ABC00F22992 /* LaunchScreen.storyboard */ = {
			isa = PBXVariantGroup;
			children = (
				F3C05BA2242F2ABC00F22992 /* Base */,
			);
			name = LaunchScreen.storyboard;
			sourceTree = "<group>";
		};
/* End PBXVariantGroup section */

/* Begin XCBuildConfiguration section */
		F3C05BA5242F2ABC00F22992 /* Debug */ = {
			isa = XCBuildConfiguration;
			buildSettings = {
				ALWAYS_SEARCH_USER_PATHS = NO;
				CLANG_ANALYZER_NONNULL = YES;
				CLANG_ANALYZER_NUMBER_OBJECT_CONVERSION = YES_AGGRESSIVE;
				CLANG_CXX_LANGUAGE_STANDARD = "gnu++14";
				CLANG_CXX_LIBRARY = "libc++";
				CLANG_ENABLE_MODULES = YES;
				CLANG_ENABLE_OBJC_ARC = YES;
				CLANG_ENABLE_OBJC_WEAK = YES;
				CLANG_WARN_BLOCK_CAPTURE_AUTORELEASING = YES;
				CLANG_WARN_BOOL_CONVERSION = YES;
				CLANG_WARN_COMMA = YES;
				CLANG_WARN_CONSTANT_CONVERSION = YES;
				CLANG_WARN_DEPRECATED_OBJC_IMPLEMENTATIONS = YES;
				CLANG_WARN_DIRECT_OBJC_ISA_USAGE = YES_ERROR;
				CLANG_WARN_DOCUMENTATION_COMMENTS = YES;
				CLANG_WARN_EMPTY_BODY = YES;
				CLANG_WARN_ENUM_CONVERSION = YES;
				CLANG_WARN_INFINITE_RECURSION = YES;
				CLANG_WARN_INT_CONVERSION = YES;
				CLANG_WARN_NON_LITERAL_NULL_CONVERSION = YES;
				CLANG_WARN_OBJC_IMPLICIT_RETAIN_SELF = YES;
				CLANG_WARN_OBJC_LITERAL_CONVERSION = YES;
				CLANG_WARN_OBJC_ROOT_CLASS = YES_ERROR;
				CLANG_WARN_RANGE_LOOP_ANALYSIS = YES;
				CLANG_WARN_STRICT_PROTOTYPES = YES;
				CLANG_WARN_SUSPICIOUS_MOVE = YES;
				CLANG_WARN_UNGUARDED_AVAILABILITY = YES_AGGRESSIVE;
				CLANG_WARN_UNREACHABLE_CODE = YES;
				CLANG_WARN__DUPLICATE_METHOD_MATCH = YES;
				COPY_PHASE_STRIP = NO;
				DEBUG_INFORMATION_FORMAT = dwarf;
				ENABLE_STRICT_OBJC_MSGSEND = YES;
				ENABLE_TESTABILITY = YES;
				GCC_C_LANGUAGE_STANDARD = gnu11;
				GCC_DYNAMIC_NO_PIC = NO;
				GCC_NO_COMMON_BLOCKS = YES;
				GCC_OPTIMIZATION_LEVEL = 0;
				GCC_PREPROCESSOR_DEFINITIONS = (
					"DEBUG=1",
					"$(inherited)",
				);
				GCC_WARN_64_TO_32_BIT_CONVERSION = YES;
				GCC_WARN_ABOUT_RETURN_TYPE = YES_ERROR;
				GCC_WARN_UNDECLARED_SELECTOR = YES;
				GCC_WARN_UNINITIALIZED_AUTOS = YES_AGGRESSIVE;
				GCC_WARN_UNUSED_FUNCTION = YES;
				GCC_WARN_UNUSED_VARIABLE = YES;
				IPHONEOS_DEPLOYMENT_TARGET = 13.2;
				MTL_ENABLE_DEBUG_INFO = INCLUDE_SOURCE;
				MTL_FAST_MATH = YES;
				ONLY_ACTIVE_ARCH = YES;
				SDKROOT = iphoneos;
				SWIFT_ACTIVE_COMPILATION_CONDITIONS = DEBUG;
				SWIFT_OPTIMIZATION_LEVEL = "-Onone";
			};
			name = Debug;
		};
		F3C05BA6242F2ABC00F22992 /* Release */ = {
			isa = XCBuildConfiguration;
			buildSettings = {
				ALWAYS_SEARCH_USER_PATHS = NO;
				CLANG_ANALYZER_NONNULL = YES;
				CLANG_ANALYZER_NUMBER_OBJECT_CONVERSION = YES_AGGRESSIVE;
				CLANG_CXX_LANGUAGE_STANDARD = "gnu++14";
				CLANG_CXX_LIBRARY = "libc++";
				CLANG_ENABLE_MODULES = YES;
				CLANG_ENABLE_OBJC_ARC = YES;
				CLANG_ENABLE_OBJC_WEAK = YES;
				CLANG_WARN_BLOCK_CAPTURE_AUTORELEASING = YES;
				CLANG_WARN_BOOL_CONVERSION = YES;
				CLANG_WARN_COMMA = YES;
				CLANG_WARN_CONSTANT_CONVERSION = YES;
				CLANG_WARN_DEPRECATED_OBJC_IMPLEMENTATIONS = YES;
				CLANG_WARN_DIRECT_OBJC_ISA_USAGE = YES_ERROR;
				CLANG_WARN_DOCUMENTATION_COMMENTS = YES;
				CLANG_WARN_EMPTY_BODY = YES;
				CLANG_WARN_ENUM_CONVERSION = YES;
				CLANG_WARN_INFINITE_RECURSION = YES;
				CLANG_WARN_INT_CONVERSION = YES;
				CLANG_WARN_NON_LITERAL_NULL_CONVERSION = YES;
				CLANG_WARN_OBJC_IMPLICIT_RETAIN_SELF = YES;
				CLANG_WARN_OBJC_LITERAL_CONVERSION = YES;
				CLANG_WARN_OBJC_ROOT_CLASS = YES_ERROR;
				CLANG_WARN_RANGE_LOOP_ANALYSIS = YES;
				CLANG_WARN_STRICT_PROTOTYPES = YES;
				CLANG_WARN_SUSPICIOUS_MOVE = YES;
				CLANG_WARN_UNGUARDED_AVAILABILITY = YES_AGGRESSIVE;
				CLANG_WARN_UNREACHABLE_CODE = YES;
				CLANG_WARN__DUPLICATE_METHOD_MATCH = YES;
				COPY_PHASE_STRIP = NO;
				DEBUG_INFORMATION_FORMAT = "dwarf-with-dsym";
				ENABLE_NS_ASSERTIONS = NO;
				ENABLE_STRICT_OBJC_MSGSEND = YES;
				GCC_C_LANGUAGE_STANDARD = gnu11;
				GCC_NO_COMMON_BLOCKS = YES;
				GCC_WARN_64_TO_32_BIT_CONVERSION = YES;
				GCC_WARN_ABOUT_RETURN_TYPE = YES_ERROR;
				GCC_WARN_UNDECLARED_SELECTOR = YES;
				GCC_WARN_UNINITIALIZED_AUTOS = YES_AGGRESSIVE;
				GCC_WARN_UNUSED_FUNCTION = YES;
				GCC_WARN_UNUSED_VARIABLE = YES;
				IPHONEOS_DEPLOYMENT_TARGET = 13.2;
				MTL_ENABLE_DEBUG_INFO = NO;
				MTL_FAST_MATH = YES;
				SDKROOT = iphoneos;
				SWIFT_COMPILATION_MODE = wholemodule;
				SWIFT_OPTIMIZATION_LEVEL = "-O";
				VALIDATE_PRODUCT = YES;
			};
			name = Release;
		};
		F3C05BA8242F2ABC00F22992 /* Debug */ = {
			isa = XCBuildConfiguration;
			buildSettings = {
				ASSETCATALOG_COMPILER_APPICON_NAME = AppIcon;
				CODE_SIGN_STYLE = Automatic;
				DEVELOPMENT_TEAM = 4S25B8KB84;
				INFOPLIST_FILE = SimpleNews/Info.plist;
				IPHONEOS_DEPLOYMENT_TARGET = 13.1;
				LD_RUNPATH_SEARCH_PATHS = (
					"$(inherited)",
					"@executable_path/Frameworks",
				);
				PRODUCT_BUNDLE_IDENTIFIER = com.okky.SimpleNews;
				PRODUCT_NAME = "$(TARGET_NAME)";
				SWIFT_VERSION = 5.0;
				TARGETED_DEVICE_FAMILY = 1;
			};
			name = Debug;
		};
		F3C05BA9242F2ABC00F22992 /* Release */ = {
			isa = XCBuildConfiguration;
			buildSettings = {
				ASSETCATALOG_COMPILER_APPICON_NAME = AppIcon;
				CODE_SIGN_STYLE = Automatic;
				DEVELOPMENT_TEAM = 4S25B8KB84;
				INFOPLIST_FILE = SimpleNews/Info.plist;
				IPHONEOS_DEPLOYMENT_TARGET = 13.1;
				LD_RUNPATH_SEARCH_PATHS = (
					"$(inherited)",
					"@executable_path/Frameworks",
				);
				PRODUCT_BUNDLE_IDENTIFIER = com.okky.SimpleNews;
				PRODUCT_NAME = "$(TARGET_NAME)";
				SWIFT_VERSION = 5.0;
				TARGETED_DEVICE_FAMILY = 1;
			};
			name = Release;
		};
/* End XCBuildConfiguration section */

/* Begin XCConfigurationList section */
		F3C05B8E242F2AB900F22992 /* Build configuration list for PBXProject "SimpleNews" */ = {
			isa = XCConfigurationList;
			buildConfigurations = (
				F3C05BA5242F2ABC00F22992 /* Debug */,
				F3C05BA6242F2ABC00F22992 /* Release */,
			);
			defaultConfigurationIsVisible = 0;
			defaultConfigurationName = Release;
		};
		F3C05BA7242F2ABC00F22992 /* Build configuration list for PBXNativeTarget "SimpleNews" */ = {
			isa = XCConfigurationList;
			buildConfigurations = (
				F3C05BA8242F2ABC00F22992 /* Debug */,
				F3C05BA9242F2ABC00F22992 /* Release */,
			);
			defaultConfigurationIsVisible = 0;
			defaultConfigurationName = Release;
		};
/* End XCConfigurationList section */
	};
	rootObject = F3C05B8B242F2AB900F22992 /* Project object */;
}
